
Microsoft Visual Studio Solution File, Format Version 12.00
# Visual Studio Version 17
VisualStudioVersion = 17.6.33927.249
MinimumVisualStudioVersion = 10.0.40219.1
Project("{FAE04EC0-301F-11D3-BF4B-00C04F79EFBC}") = "MoqExcludeFromVerify", "MoqExcludeFromVerify\MoqExcludeFromVerify.csproj", "{7CD7394D-42AC-4C0E-B2AC-C31894FE6516}"
EndProject
Global
	GlobalSection(SolutionConfigurationPlatforms) = preSolution
		Debug|Any CPU = Debug|Any CPU
		Release|Any CPU = Release|Any CPU
	EndGlobalSection
	GlobalSection(ProjectConfigurationPlatforms) = postSolution
		{7CD7394D-42AC-4C0E-B2AC-C31894FE6516}.Debug|Any CPU.ActiveCfg = Debug|Any CPU
		{7CD7394D-42AC-4C0E-B2AC-C31894FE6516}.Debug|Any CPU.Build.0 = Debug|Any CPU
		{7CD7394D-42AC-4C0E-B2AC-C31894FE6516}.Release|Any CPU.ActiveCfg = Release|Any CPU
		{7CD7394D-42AC-4C0E-B2AC-C31894FE6516}.Release|Any CPU.Build.0 = Release|Any CPU
	EndGlobalSection
	GlobalSection(SolutionProperties) = preSolution
		HideSolutionNode = FALSE
	EndGlobalSection
	GlobalSection(ExtensibilityGlobals) = postSolution
		SolutionGuid = {1855050C-5E15-42C0-B928-F916A0597775}
	EndGlobalSection
EndGlobal
